
Microsoft Visual Studio Solution File, Format Version 12.00
# Visual Studio Version 17
VisualStudioVersion = 17.0.32112.339
MinimumVisualStudioVersion = 10.0.40219.1
Project("{FAE04EC0-301F-11D3-BF4B-00C04F79EFBC}") = "Platform", "Platform.csproj", "{C578A428-7CC5-4617-BE61-A5CACA47590F}"
EndProject
Project("{2150E333-8FDC-42A3-9474-1A3956D46DE8}") = "Solution Items", "Solution Items", "{A8F5F5B1-7895-40C0-AF99-6435AB734346}"
	ProjectSection(SolutionItems) = preProject
		.editorconfig = .editorconfig
	EndProjectSection
EndProject
Global
	GlobalSection(SolutionConfigurationPlatforms) = preSolution
		Debug|Any CPU = Debug|Any CPU
		Release|Any CPU = Release|Any CPU
	EndGlobalSection
	GlobalSection(ProjectConfigurationPlatforms) = postSolution
		{C578A428-7CC5-4617-BE61-A5CACA47590F}.Debug|Any CPU.ActiveCfg = Debug|Any CPU
		{C578A428-7CC5-4617-BE61-A5CACA47590F}.Debug|Any CPU.Build.0 = Debug|Any CPU
		{C578A428-7CC5-4617-BE61-A5CACA47590F}.Release|Any CPU.ActiveCfg = Release|Any CPU
		{C578A428-7CC5-4617-BE61-A5CACA47590F}.Release|Any CPU.Build.0 = Release|Any CPU
	EndGlobalSection
	GlobalSection(SolutionProperties) = preSolution
		HideSolutionNode = FALSE
	EndGlobalSection
	GlobalSection(ExtensibilityGlobals) = postSolution
		SolutionGuid = {CC3E0203-0A6B-4A4C-BFBE-4EF9B7150DCE}
	EndGlobalSection
EndGlobal
